
Microsoft Visual Studio Solution File, Format Version 12.00
# Visual Studio Version 16
VisualStudioVersion = 16.0.31410.357
MinimumVisualStudioVersion = 10.0.40219.1
Project("{FAE04EC0-301F-11D3-BF4B-00C04F79EFBC}") = "WSVenta", "WSVenta\WSVenta.csproj", "{DC2A8C93-D175-4E98-B458-765FE10D5E31}"
EndProject
Global
	GlobalSection(SolutionConfigurationPlatforms) = preSolution
		Debug|Any CPU = Debug|Any CPU
		Release|Any CPU = Release|Any CPU
	EndGlobalSection
	GlobalSection(ProjectConfigurationPlatforms) = postSolution
		{DC2A8C93-D175-4E98-B458-765FE10D5E31}.Debug|Any CPU.ActiveCfg = Debug|Any CPU
		{DC2A8C93-D175-4E98-B458-765FE10D5E31}.Debug|Any CPU.Build.0 = Debug|Any CPU
		{DC2A8C93-D175-4E98-B458-765FE10D5E31}.Release|Any CPU.ActiveCfg = Release|Any CPU
		{DC2A8C93-D175-4E98-B458-765FE10D5E31}.Release|Any CPU.Build.0 = Release|Any CPU
	EndGlobalSection
	GlobalSection(SolutionProperties) = preSolution
		HideSolutionNode = FALSE
	EndGlobalSection
	GlobalSection(ExtensibilityGlobals) = postSolution
		SolutionGuid = {27881255-FC8F-4EB9-BC0C-98EE59D51605}
	EndGlobalSection
EndGlobal
